
Microsoft Visual Studio Solution File, Format Version 12.00
# Visual Studio Version 17
VisualStudioVersion = 17.0.31912.275
MinimumVisualStudioVersion = 10.0.40219.1
Project("{9A19103F-16F7-4668-BE54-9A1E7A4F7556}") = "Accelerate.Sdk.Application", "Accelerate.Sdk.Application\Accelerate.Sdk.Application.csproj", "{D1055307-132E-48F4-9448-6A79C93C9720}"
EndProject
Project("{9A19103F-16F7-4668-BE54-9A1E7A4F7556}") = "Accelerate.Sdk.Application.UnitTests", "Accelerate.Sdk.Application.UnitTests\Accelerate.Sdk.Application.UnitTests.csproj", "{2D0083DC-3D43-4F51-BC05-7AEF1F4C8450}"
EndProject
Global
	GlobalSection(SolutionConfigurationPlatforms) = preSolution
		Debug|Any CPU = Debug|Any CPU
		Release|Any CPU = Release|Any CPU
	EndGlobalSection
	GlobalSection(ProjectConfigurationPlatforms) = postSolution
		{D1055307-132E-48F4-9448-6A79C93C9720}.Debug|Any CPU.ActiveCfg = Debug|Any CPU
		{D1055307-132E-48F4-9448-6A79C93C9720}.Debug|Any CPU.Build.0 = Debug|Any CPU
		{D1055307-132E-48F4-9448-6A79C93C9720}.Release|Any CPU.ActiveCfg = Release|Any CPU
		{D1055307-132E-48F4-9448-6A79C93C9720}.Release|Any CPU.Build.0 = Release|Any CPU
		{2D0083DC-3D43-4F51-BC05-7AEF1F4C8450}.Debug|Any CPU.ActiveCfg = Debug|Any CPU
		{2D0083DC-3D43-4F51-BC05-7AEF1F4C8450}.Debug|Any CPU.Build.0 = Debug|Any CPU
		{2D0083DC-3D43-4F51-BC05-7AEF1F4C8450}.Release|Any CPU.ActiveCfg = Release|Any CPU
		{2D0083DC-3D43-4F51-BC05-7AEF1F4C8450}.Release|Any CPU.Build.0 = Release|Any CPU
	EndGlobalSection
	GlobalSection(SolutionProperties) = preSolution
		HideSolutionNode = FALSE
	EndGlobalSection
	GlobalSection(ExtensibilityGlobals) = postSolution
		SolutionGuid = {24622CA8-B1FE-4FFE-9B1A-1B7D8562BB3F}
	EndGlobalSection
EndGlobal
